Microsoft Visual Studio Solution File, Format Version 12.00
# Visual Studio 2012
Project("{FAE04EC0-301F-11D3-BF4B-00C04F79EFBC}") = "PROJET VampireSurvival", "PROJET VampireSurvival.csproj", "{93D65F45-6072-44D2-9424-62AE150F0994}"
EndProject
Global
	GlobalSection(SolutionConfigurationPlatforms) = preSolution
	Debug|Any CPU = Debug|Any CPU
	ExportDebug|Any CPU = ExportDebug|Any CPU
	ExportRelease|Any CPU = ExportRelease|Any CPU
	EndGlobalSection
	GlobalSection(ProjectConfigurationPlatforms) = postSolution
		{93D65F45-6072-44D2-9424-62AE150F0994}.Debug|Any CPU.ActiveCfg = Debug|Any CPU
		{93D65F45-6072-44D2-9424-62AE150F0994}.Debug|Any CPU.Build.0 = Debug|Any CPU
		{93D65F45-6072-44D2-9424-62AE150F0994}.ExportDebug|Any CPU.ActiveCfg = ExportDebug|Any CPU
		{93D65F45-6072-44D2-9424-62AE150F0994}.ExportDebug|Any CPU.Build.0 = ExportDebug|Any CPU
		{93D65F45-6072-44D2-9424-62AE150F0994}.ExportRelease|Any CPU.ActiveCfg = ExportRelease|Any CPU
		{93D65F45-6072-44D2-9424-62AE150F0994}.ExportRelease|Any CPU.Build.0 = ExportRelease|Any CPU
	EndGlobalSection
EndGlobal
